// !$*UTF8*$!
{
	archiveVersion = 1;
	classes = {
	};
	objectVersion = 51;
	objects = {

/* Begin PBXBuildFile section */
		08E119E6255F5D6800FA4BC2 /* AppDelegate.swift in Sources */ = {isa = PBXBuildFile; fileRef = 08E119E5255F5D6800FA4BC2 /* AppDelegate.swift */; };
		08E119E8255F5D6800FA4BC2 /* SceneDelegate.swift in Sources */ = {isa = PBXBuildFile; fileRef = 08E119E7255F5D6800FA4BC2 /* SceneDelegate.swift */; };
		08E119EA255F5D6800FA4BC2 /* ViewController.swift in Sources */ = {isa = PBXBuildFile; fileRef = 08E119E9255F5D6800FA4BC2 /* ViewController.swift */; };
		08E119ED255F5D6800FA4BC2 /* Main.storyboard in Resources */ = {isa = PBXBuildFile; fileRef = 08E119EB255F5D6800FA4BC2 /* Main.storyboard */; };
		08E119EF255F5D6900FA4BC2 /* Assets.xcassets in Resources */ = {isa = PBXBuildFile; fileRef = 08E119EE255F5D6900FA4BC2 /* Assets.xcassets */; };
		08E119F2255F5D6900FA4BC2 /* LaunchScreen.storyboard in Resources */ = {isa = PBXBuildFile; fileRef = 08E119F0255F5D6900FA4BC2 /* LaunchScreen.storyboard */; };
		08E119FC255F5DA000FA4BC2 /* worldList.swift in Sources */ = {isa = PBXBuildFile; fileRef = 08E119FB255F5DA000FA4BC2 /* worldList.swift */; };
		08E11A08255F84DF00FA4BC2 /* News.swift in Sources */ = {isa = PBXBuildFile; fileRef = 08E11A07255F84DF00FA4BC2 /* News.swift */; };
		B533568655962CC0D30A6EB1 /* Pods_World_Wide_News.framework in Frameworks */ = {isa = PBXBuildFile; fileRef = B3A07D795D04A205B079E7A4 /* Pods_World_Wide_News.framework */; };
/* End PBXBuildFile section */

/* Begin PBXFileReference section */
		08E119E2255F5D6800FA4BC2 /* World Wide News.app */ = {isa = PBXFileReference; explicitFileType = wrapper.application; includeInIndex = 0; path = "World Wide News.app"; sourceTree = BUILT_PRODUCTS_DIR; };
		08E119E5255F5D6800FA4BC2 /* AppDelegate.swift */ = {isa = PBXFileReference; lastKnownFileType = sourcecode.swift; path = AppDelegate.swift; sourceTree = "<group>"; };
		08E119E7255F5D6800FA4BC2 /* SceneDelegate.swift */ = {isa = PBXFileReference; lastKnownFileType = sourcecode.swift; path = SceneDelegate.swift; sourceTree = "<group>"; };
		08E119E9255F5D6800FA4BC2 /* ViewController.swift */ = {isa = PBXFileReference; lastKnownFileType = sourcecode.swift; path = ViewController.swift; sourceTree = "<group>"; };
		08E119EC255F5D6800FA4BC2 /* Base */ = {isa = PBXFileReference; lastKnownFileType = file.storyboard; name = Base; path = Base.lproj/Main.storyboard; sourceTree = "<group>"; };
		08E119EE255F5D6900FA4BC2 /* Assets.xcassets */ = {isa = PBXFileReference; lastKnownFileType = folder.assetcatalog; path = Assets.xcassets; sourceTree = "<group>"; };
		08E119F1255F5D6900FA4BC2 /* Base */ = {isa = PBXFileReference; lastKnownFileType = file.storyboard; name = Base; path = Base.lproj/LaunchScreen.storyboard; sourceTree = "<group>"; };
		08E119F3255F5D6900FA4BC2 /* Info.plist */ = {isa = PBXFileReference; lastKnownFileType = text.plist.xml; path = Info.plist; sourceTree = "<group>"; };
		08E119FB255F5DA000FA4BC2 /* worldList.swift */ = {isa = PBXFileReference; lastKnownFileType = sourcecode.swift; path = worldList.swift; sourceTree = "<group>"; };
		08E11A07255F84DF00FA4BC2 /* News.swift */ = {isa = PBXFileReference; lastKnownFileType = sourcecode.swift; path = News.swift; sourceTree = "<group>"; };
		26C61D55CB2B0E758195F0EB /* Pods-World Wide News.release.xcconfig */ = {isa = PBXFileReference; includeInIndex = 1; lastKnownFileType = text.xcconfig; name = "Pods-World Wide News.release.xcconfig"; path = "Target Support Files/Pods-World Wide News/Pods-World Wide News.release.xcconfig"; sourceTree = "<group>"; };
		4AD6CA47C944A59DBAC5EBAA /* Pods-World Wide News.debug.xcconfig */ = {isa = PBXFileReference; includeInIndex = 1; lastKnownFileType = text.xcconfig; name = "Pods-World Wide News.debug.xcconfig"; path = "Target Support Files/Pods-World Wide News/Pods-World Wide News.debug.xcconfig"; sourceTree = "<group>"; };
		B3A07D795D04A205B079E7A4 /* Pods_World_Wide_News.framework */ = {isa = PBXFileReference; explicitFileType = wrapper.framework; includeInIndex = 0; path = Pods_World_Wide_News.framework; sourceTree = BUILT_PRODUCTS_DIR; };
/* End PBXFileReference section */

/* Begin PBXFrameworksBuildPhase section */
		08E119DF255F5D6800FA4BC2 /* Frameworks */ = {
			isa = PBXFrameworksBuildPhase;
			buildActionMask = 2147483647;
			files = (
				B533568655962CC0D30A6EB1 /* Pods_World_Wide_News.framework in Frameworks */,
			);
			runOnlyForDeploymentPostprocessing = 0;
		};
/* End PBXFrameworksBuildPhase section */

/* Begin PBXGroup section */
		08E119D9255F5D6800FA4BC2 = {
			isa = PBXGroup;
			children = (
				08E119E4255F5D6800FA4BC2 /* World Wide News */,
				08E119E3255F5D6800FA4BC2 /* Products */,
				B21EC550DB0EE36505E74CC8 /* Pods */,
				1EF81CF42F96CD6360C1929C /* Frameworks */,
			);
			sourceTree = "<group>";
		};
		08E119E3255F5D6800FA4BC2 /* Products */ = {
			isa = PBXGroup;
			children = (
				08E119E2255F5D6800FA4BC2 /* World Wide News.app */,
			);
			name = Products;
			sourceTree = "<group>";
		};
		08E119E4255F5D6800FA4BC2 /* World Wide News */ = {
			isa = PBXGroup;
			children = (
				08E119FA255F5D7A00FA4BC2 /* Model */,
				08E119E5255F5D6800FA4BC2 /* AppDelegate.swift */,
				08E119E7255F5D6800FA4BC2 /* SceneDelegate.swift */,
				08E119E9255F5D6800FA4BC2 /* ViewController.swift */,
				08E119EB255F5D6800FA4BC2 /* Main.storyboard */,
				08E119EE255F5D6900FA4BC2 /* Assets.xcassets */,
				08E119F0255F5D6900FA4BC2 /* LaunchScreen.storyboard */,
				08E119F3255F5D6900FA4BC2 /* Info.plist */,
			);
			path = "World Wide News";
			sourceTree = "<group>";
		};
		08E119FA255F5D7A00FA4BC2 /* Model */ = {
			isa = PBXGroup;
			children = (
				08E119FB255F5DA000FA4BC2 /* worldList.swift */,
				08E11A07255F84DF00FA4BC2 /* News.swift */,
			);
			path = Model;
			sourceTree = "<group>";
		};
		1EF81CF42F96CD6360C1929C /* Frameworks */ = {
			isa = PBXGroup;
			children = (
				B3A07D795D04A205B079E7A4 /* Pods_World_Wide_News.framework */,
			);
			name = Frameworks;
			sourceTree = "<group>";
		};
		B21EC550DB0EE36505E74CC8 /* Pods */ = {
			isa = PBXGroup;
			children = (
				4AD6CA47C944A59DBAC5EBAA /* Pods-World Wide News.debug.xcconfig */,
				26C61D55CB2B0E758195F0EB /* Pods-World Wide News.release.xcconfig */,
			);
			path = Pods;
			sourceTree = "<group>";
		};
/* End PBXGroup section */

/* Begin PBXNativeTarget section */
		08E119E1255F5D6800FA4BC2 /* World Wide News */ = {
			isa = PBXNativeTarget;
			buildConfigurationList = 08E119F6255F5D6900FA4BC2 /* Build configuration list for PBXNativeTarget "World Wide News" */;
			buildPhases = (
				DEB54AAFD928021628D9EAE9 /* [CP] Check Pods Manifest.lock */,
				08E119DE255F5D6800FA4BC2 /* Sources */,
				08E119DF255F5D6800FA4BC2 /* Frameworks */,
				08E119E0255F5D6800FA4BC2 /* Resources */,
				55045D46F36E7B57CA67E923 /* [CP] Embed Pods Frameworks */,
			);
			buildRules = (
			);
			dependencies = (
			);
			name = "World Wide News";
			productName = "World Wide News";
			productReference = 08E119E2255F5D6800FA4BC2 /* World Wide News.app */;
			productType = "com.apple.product-type.application";
		};
/* End PBXNativeTarget section */

/* Begin PBXProject section */
		08E119DA255F5D6800FA4BC2 /* Project object */ = {
			isa = PBXProject;
			attributes = {
				LastSwiftUpdateCheck = 1220;
				LastUpgradeCheck = 1220;
				TargetAttributes = {
					08E119E1255F5D6800FA4BC2 = {
						CreatedOnToolsVersion = 12.2;
					};
				};
			};
			buildConfigurationList = 08E119DD255F5D6800FA4BC2 /* Build configuration list for PBXProject "World Wide News" */;
			compatibilityVersion = "Xcode 9.3";
			developmentRegion = en;
			hasScannedForEncodings = 0;
			knownRegions = (
				en,
				Base,
			);
			mainGroup = 08E119D9255F5D6800FA4BC2;
			productRefGroup = 08E119E3255F5D6800FA4BC2 /* Products */;
			projectDirPath = "";
			projectRoot = "";
			targets = (
				08E119E1255F5D6800FA4BC2 /* World Wide News */,
			);
		};
/* End PBXProject section */

/* Begin PBXResourcesBuildPhase section */
		08E119E0255F5D6800FA4BC2 /* Resources */ = {
			isa = PBXResourcesBuildPhase;
			buildActionMask = 2147483647;
			files = (
				08E119F2255F5D6900FA4BC2 /* LaunchScreen.storyboard in Resources */,
				08E119EF255F5D6900FA4BC2 /* Assets.xcassets in Resources */,
				08E119ED255F5D6800FA4BC2 /* Main.storyboard in Resources */,
			);
			runOnlyForDeploymentPostprocessing = 0;
		};
/* End PBXResourcesBuildPhase section */

/* Begin PBXShellScriptBuildPhase section */
		55045D46F36E7B57CA67E923 /* [CP] Embed Pods Frameworks */ = {
			isa = PBXShellScriptBuildPhase;
			buildActionMask = 2147483647;
			files = (
			);
			inputFileListPaths = (
				"${PODS_ROOT}/Target Support Files/Pods-World Wide News/Pods-World Wide News-frameworks-${CONFIGURATION}-input-files.xcfilelist",
			);
			name = "[CP] Embed Pods Frameworks";
			outputFileListPaths = (
				"${PODS_ROOT}/Target Support Files/Pods-World Wide News/Pods-World Wide News-frameworks-${CONFIGURATION}-output-files.xcfilelist",
			);
			runOnlyForDeploymentPostprocessing = 0;
			shellPath = /bin/sh;
			shellScript = "\"${PODS_ROOT}/Target Support Files/Pods-World Wide News/Pods-World Wide News-frameworks.sh\"\n";
			showEnvVarsInLog = 0;
		};
		DEB54AAFD928021628D9EAE9 /* [CP] Check Pods Manifest.lock */ = {
			isa = PBXShellScriptBuildPhase;
			buildActionMask = 2147483647;
			files = (
			);
			inputFileListPaths = (
			);
			inputPaths = (
				"${PODS_PODFILE_DIR_PATH}/Podfile.lock",
				"${PODS_ROOT}/Manifest.lock",
			);
			name = "[CP] Check Pods Manifest.lock";
			outputFileListPaths = (
			);
			outputPaths = (
				"$(DERIVED_FILE_DIR)/Pods-World Wide News-checkManifestLockResult.txt",
			);
			runOnlyForDeploymentPostprocessing = 0;
			shellPath = /bin/sh;
			shellScript = "diff \"${PODS_PODFILE_DIR_PATH}/Podfile.lock\" \"${PODS_ROOT}/Manifest.lock\" > /dev/null\nif [ $? != 0 ] ; then\n    # print error to STDERR\n    echo \"error: The sandbox is not in sync with the Podfile.lock. Run 'pod install' or update your CocoaPods installation.\" >&2\n    exit 1\nfi\n# This output is used by Xcode 'outputs' to avoid re-running this script phase.\necho \"SUCCESS\" > \"${SCRIPT_OUTPUT_FILE_0}\"\n";
			showEnvVarsInLog = 0;
		};
/* End PBXShellScriptBuildPhase section */

/* Begin PBXSourcesBuildPhase section */
		08E119DE255F5D6800FA4BC2 /* Sources */ = {
			isa = PBXSourcesBuildPhase;
			buildActionMask = 2147483647;
			files = (
				08E119EA255F5D6800FA4BC2 /* ViewController.swift in Sources */,
				08E119E6255F5D6800FA4BC2 /* AppDelegate.swift in Sources */,
				08E119FC255F5DA000FA4BC2 /* worldList.swift in Sources */,
				08E11A08255F84DF00FA4BC2 /* News.swift in Sources */,
				08E119E8255F5D6800FA4BC2 /* SceneDelegate.swift in Sources */,
			);
			runOnlyForDeploymentPostprocessing = 0;
		};
/* End PBXSourcesBuildPhase section */

/* Begin PBXVariantGroup section */
		08E119EB255F5D6800FA4BC2 /* Main.storyboard */ = {
			isa = PBXVariantGroup;
			children = (
				08E119EC255F5D6800FA4BC2 /* Base */,
			);
			name = Main.storyboard;
			sourceTree = "<group>";
		};
		08E119F0255F5D6900FA4BC2 /* LaunchScreen.storyboard */ = {
			isa = PBXVariantGroup;
			children = (
				08E119F1255F5D6900FA4BC2 /* Base */,
			);
			name = LaunchScreen.storyboard;
			sourceTree = "<group>";
		};
/* End PBXVariantGroup section */

/* Begin XCBuildConfiguration section */
		08E119F4255F5D6900FA4BC2 /* Debug */ = {
			isa = XCBuildConfiguration;
			buildSettings = {
				ALWAYS_SEARCH_USER_PATHS = NO;
				CLANG_ANALYZER_NONNULL = YES;
				CLANG_ANALYZER_NUMBER_OBJECT_CONVERSION = YES_AGGRESSIVE;
				CLANG_CXX_LANGUAGE_STANDARD = "gnu++14";
				CLANG_CXX_LIBRARY = "libc++";
				CLANG_ENABLE_MODULES = YES;
				CLANG_ENABLE_OBJC_ARC = YES;
				CLANG_ENABLE_OBJC_WEAK = YES;
				CLANG_WARN_BLOCK_CAPTURE_AUTORELEASING = YES;
				CLANG_WARN_BOOL_CONVERSION = YES;
				CLANG_WARN_COMMA = YES;
				CLANG_WARN_CONSTANT_CONVERSION = YES;
				CLANG_WARN_DEPRECATED_OBJC_IMPLEMENTATIONS = YES;
				CLANG_WARN_DIRECT_OBJC_ISA_USAGE = YES_ERROR;
				CLANG_WARN_DOCUMENTATION_COMMENTS = YES;
				CLANG_WARN_EMPTY_BODY = YES;
				CLANG_WARN_ENUM_CONVERSION = YES;
				CLANG_WARN_INFINITE_RECURSION = YES;
				CLANG_WARN_INT_CONVERSION = YES;
				CLANG_WARN_NON_LITERAL_NULL_CONVERSION = YES;
				CLANG_WARN_OBJC_IMPLICIT_RETAIN_SELF = YES;
				CLANG_WARN_OBJC_LITERAL_CONVERSION = YES;
				CLANG_WARN_OBJC_ROOT_CLASS = YES_ERROR;
				CLANG_WARN_QUOTED_INCLUDE_IN_FRAMEWORK_HEADER = YES;
				CLANG_WARN_RANGE_LOOP_ANALYSIS = YES;
				CLANG_WARN_STRICT_PROTOTYPES = YES;
				CLANG_WARN_SUSPICIOUS_MOVE = YES;
				CLANG_WARN_UNGUARDED_AVAILABILITY = YES_AGGRESSIVE;
				CLANG_WARN_UNREACHABLE_CODE = YES;
				CLANG_WARN__DUPLICATE_METHOD_MATCH = YES;
				COPY_PHASE_STRIP = NO;
				DEBUG_INFORMATION_FORMAT = dwarf;
				ENABLE_STRICT_OBJC_MSGSEND = YES;
				ENABLE_TESTABILITY = YES;
				GCC_C_LANGUAGE_STANDARD = gnu11;
				GCC_DYNAMIC_NO_PIC = NO;
				GCC_NO_COMMON_BLOCKS = YES;
				GCC_OPTIMIZATION_LEVEL = 0;
				GCC_PREPROCESSOR_DEFINITIONS = (
					"DEBUG=1",
					"$(inherited)",
				);
				GCC_WARN_64_TO_32_BIT_CONVERSION = YES;
				GCC_WARN_ABOUT_RETURN_TYPE = YES_ERROR;
				GCC_WARN_UNDECLARED_SELECTOR = YES;
				GCC_WARN_UNINITIALIZED_AUTOS = YES_AGGRESSIVE;
				GCC_WARN_UNUSED_FUNCTION = YES;
				GCC_WARN_UNUSED_VARIABLE = YES;
				IPHONEOS_DEPLOYMENT_TARGET = 14.2;
				MTL_ENABLE_DEBUG_INFO = INCLUDE_SOURCE;
				MTL_FAST_MATH = YES;
				ONLY_ACTIVE_ARCH = YES;
				SDKROOT = iphoneos;
				SWIFT_ACTIVE_COMPILATION_CONDITIONS = DEBUG;
				SWIFT_OPTIMIZATION_LEVEL = "-Onone";
			};
			name = Debug;
		};
		08E119F5255F5D6900FA4BC2 /* Release */ = {
			isa = XCBuildConfiguration;
			buildSettings = {
				ALWAYS_SEARCH_USER_PATHS = NO;
				CLANG_ANALYZER_NONNULL = YES;
				CLANG_ANALYZER_NUMBER_OBJECT_CONVERSION = YES_AGGRESSIVE;
				CLANG_CXX_LANGUAGE_STANDARD = "gnu++14";
				CLANG_CXX_LIBRARY = "libc++";
				CLANG_ENABLE_MODULES = YES;
				CLANG_ENABLE_OBJC_ARC = YES;
				CLANG_ENABLE_OBJC_WEAK = YES;
				CLANG_WARN_BLOCK_CAPTURE_AUTORELEASING = YES;
				CLANG_WARN_BOOL_CONVERSION = YES;
				CLANG_WARN_COMMA = YES;
				CLANG_WARN_CONSTANT_CONVERSION = YES;
				CLANG_WARN_DEPRECATED_OBJC_IMPLEMENTATIONS = YES;
				CLANG_WARN_DIRECT_OBJC_ISA_USAGE = YES_ERROR;
				CLANG_WARN_DOCUMENTATION_COMMENTS = YES;
				CLANG_WARN_EMPTY_BODY = YES;
				CLANG_WARN_ENUM_CONVERSION = YES;
				CLANG_WARN_INFINITE_RECURSION = YES;
				CLANG_WARN_INT_CONVERSION = YES;
				CLANG_WARN_NON_LITERAL_NULL_CONVERSION = YES;
				CLANG_WARN_OBJC_IMPLICIT_RETAIN_SELF = YES;
				CLANG_WARN_OBJC_LITERAL_CONVERSION = YES;
				CLANG_WARN_OBJC_ROOT_CLASS = YES_ERROR;
				CLANG_WARN_QUOTED_INCLUDE_IN_FRAMEWORK_HEADER = YES;
				CLANG_WARN_RANGE_LOOP_ANALYSIS = YES;
				CLANG_WARN_STRICT_PROTOTYPES = YES;
				CLANG_WARN_SUSPICIOUS_MOVE = YES;
				CLANG_WARN_UNGUARDED_AVAILABILITY = YES_AGGRESSIVE;
				CLANG_WARN_UNREACHABLE_CODE = YES;
				CLANG_WARN__DUPLICATE_METHOD_MATCH = YES;
				COPY_PHASE_STRIP = NO;
				DEBUG_INFORMATION_FORMAT = "dwarf-with-dsym";
				ENABLE_NS_ASSERTIONS = NO;
				ENABLE_STRICT_OBJC_MSGSEND = YES;
				GCC_C_LANGUAGE_STANDARD = gnu11;
				GCC_NO_COMMON_BLOCKS = YES;
				GCC_WARN_64_TO_32_BIT_CONVERSION = YES;
				GCC_WARN_ABOUT_RETURN_TYPE = YES_ERROR;
				GCC_WARN_UNDECLARED_SELECTOR = YES;
				GCC_WARN_UNINITIALIZED_AUTOS = YES_AGGRESSIVE;
				GCC_WARN_UNUSED_FUNCTION = YES;
				GCC_WARN_UNUSED_VARIABLE = YES;
				IPHONEOS_DEPLOYMENT_TARGET = 14.2;
				MTL_ENABLE_DEBUG_INFO = NO;
				MTL_FAST_MATH = YES;
				SDKROOT = iphoneos;
				SWIFT_COMPILATION_MODE = wholemodule;
				SWIFT_OPTIMIZATION_LEVEL = "-O";
				VALIDATE_PRODUCT = YES;
			};
			name = Release;
		};
		08E119F7255F5D6900FA4BC2 /* Debug */ = {
			isa = XCBuildConfiguration;
			baseConfigurationReference = 4AD6CA47C944A59DBAC5EBAA /* Pods-World Wide News.debug.xcconfig */;
			buildSettings = {
				ASSETCATALOG_COMPILER_APPICON_NAME = AppIcon;
				ASSETCATALOG_COMPILER_GLOBAL_ACCENT_COLOR_NAME = AccentColor;
				CODE_SIGN_STYLE = Automatic;
				INFOPLIST_FILE = "World Wide News/Info.plist";
				IPHONEOS_DEPLOYMENT_TARGET = 14.2;
				LD_RUNPATH_SEARCH_PATHS = (
					"$(inherited)",
					"@executable_path/Frameworks",
				);
				PRODUCT_BUNDLE_IDENTIFIER = "namdoan.World-Wide-News";
				PRODUCT_NAME = "$(TARGET_NAME)";
				SWIFT_VERSION = 5.0;
				TARGETED_DEVICE_FAMILY = "1,2";
			};
			name = Debug;
		};
		08E119F8255F5D6900FA4BC2 /* Release */ = {
			isa = XCBuildConfiguration;
			baseConfigurationReference = 26C61D55CB2B0E758195F0EB /* Pods-World Wide News.release.xcconfig */;
			buildSettings = {
				ASSETCATALOG_COMPILER_APPICON_NAME = AppIcon;
				ASSETCATALOG_COMPILER_GLOBAL_ACCENT_COLOR_NAME = AccentColor;
				CODE_SIGN_STYLE = Automatic;
				INFOPLIST_FILE = "World Wide News/Info.plist";
				IPHONEOS_DEPLOYMENT_TARGET = 14.2;
				LD_RUNPATH_SEARCH_PATHS = (
					"$(inherited)",
					"@executable_path/Frameworks",
				);
				PRODUCT_BUNDLE_IDENTIFIER = "namdoan.World-Wide-News";
				PRODUCT_NAME = "$(TARGET_NAME)";
				SWIFT_VERSION = 5.0;
				TARGETED_DEVICE_FAMILY = "1,2";
			};
			name = Release;
		};
/* End XCBuildConfiguration section */

/* Begin XCConfigurationList section */
		08E119DD255F5D6800FA4BC2 /* Build configuration list for PBXProject "World Wide News" */ = {
			isa = XCConfigurationList;
			buildConfigurations = (
				08E119F4255F5D6900FA4BC2 /* Debug */,
				08E119F5255F5D6900FA4BC2 /* Release */,
			);
			defaultConfigurationIsVisible = 0;
			defaultConfigurationName = Release;
		};
		08E119F6255F5D6900FA4BC2 /* Build configuration list for PBXNativeTarget "World Wide News" */ = {
			isa = XCConfigurationList;
			buildConfigurations = (
				08E119F7255F5D6900FA4BC2 /* Debug */,
				08E119F8255F5D6900FA4BC2 /* Release */,
			);
			defaultConfigurationIsVisible = 0;
			defaultConfigurationName = Release;
		};
/* End XCConfigurationList section */
	};
	rootObject = 08E119DA255F5D6800FA4BC2 /* Project object */;
}
